
Microsoft Visual Studio Solution File, Format Version 12.00
# Visual Studio 15
VisualStudioVersion = 15.0.27130.2027
MinimumVisualStudioVersion = 10.0.40219.1
Project("{FAE04EC0-301F-11D3-BF4B-00C04F79EFBC}") = "TengoFree", "TengoFree\TengoFree.csproj", "{19B64F2F-480B-4FA7-AF98-8979F9295874}"
EndProject
Project("{2150E333-8FDC-42A3-9474-1A3956D46DE8}") = "1-Presentation", "1-Presentation", "{C1C448ED-AF9C-40B2-90DC-4406A1488AAC}"
EndProject
Project("{2150E333-8FDC-42A3-9474-1A3956D46DE8}") = "2 - Application", "2 - Application", "{47829AFC-3D4B-46C5-B19B-4BFCA2FA964E}"
EndProject
Project("{2150E333-8FDC-42A3-9474-1A3956D46DE8}") = "3 -  Services", "3 -  Services", "{651833A9-3BA8-4584-AA8B-8C3883C4941E}"
EndProject
Project("{2150E333-8FDC-42A3-9474-1A3956D46DE8}") = "4 - Domain", "4 - Domain", "{1EFAD6E8-2AED-4DB5-BD9D-41FCBF0D4C65}"
EndProject
Project("{2150E333-8FDC-42A3-9474-1A3956D46DE8}") = "5 - Repository", "5 - Repository", "{B4C20B81-2EC9-4C37-A255-808F85DC4330}"
EndProject
Project("{2150E333-8FDC-42A3-9474-1A3956D46DE8}") = "6 - UnitTest", "6 - UnitTest", "{B8B02220-4D98-4D67-82D1-8C526B02BDF0}"
EndProject
Project("{FAE04EC0-301F-11D3-BF4B-00C04F79EFBC}") = "Infrastructure", "Infraestructura\Infrastructure.csproj", "{7DEDBBE8-9875-498F-9170-A756C726E9CB}"
EndProject
Project("{FAE04EC0-301F-11D3-BF4B-00C04F79EFBC}") = "Domain.Base", "Dominio.Base\Domain.Base.csproj", "{DF124833-A45E-469D-ABFD-AD348E312D38}"
EndProject
Project("{FAE04EC0-301F-11D3-BF4B-00C04F79EFBC}") = "Domain.Core", "Domain.Core\Domain.Core.csproj", "{FA1FA537-B5F4-41A8-87F1-82DB3A56F2EC}"
EndProject
Project("{FAE04EC0-301F-11D3-BF4B-00C04F79EFBC}") = "Services.Core", "Services.Core\Services.Core.csproj", "{E63FC5DD-DBE4-42D9-B22B-7A831464A7A4}"
EndProject
Project("{FAE04EC0-301F-11D3-BF4B-00C04F79EFBC}") = "Aplication.Interfaces", "Application.Interfaces\Aplication.Interfaces.csproj", "{EBE239CB-6869-4A23-B3DA-9AACF17A31C8}"
EndProject
Project("{FAE04EC0-301F-11D3-BF4B-00C04F79EFBC}") = "TengoFreeUnitTests", "TengoFreeUnitTests\TengoFreeUnitTests.csproj", "{8E4FAFC2-776E-421C-BA46-B3B45160D848}"
EndProject
Project("{FAE04EC0-301F-11D3-BF4B-00C04F79EFBC}") = "IoC", "IoC\IoC.csproj", "{F31B2FBE-CB93-4447-BDFE-B9E49214ECF5}"
EndProject
Project("{FAE04EC0-301F-11D3-BF4B-00C04F79EFBC}") = "Aplication.Enums", "Aplication.Enums\Aplication.Enums.csproj", "{C5CBF911-DEB1-4305-92B4-0BA67BB098AA}"
EndProject
Project("{54435603-DBB4-11D2-8724-00A0C9A8B90C}") = "TengoFreeTicket", "TengoFreeTicket\TengoFreeTicket.vdproj", "{28047474-4175-4B37-93CB-68C4EB8987BA}"
EndProject
Global
	GlobalSection(SolutionConfigurationPlatforms) = preSolution
		Debug|Any CPU = Debug|Any CPU
		Release|Any CPU = Release|Any CPU
	EndGlobalSection
	GlobalSection(ProjectConfigurationPlatforms) = postSolution
		{19B64F2F-480B-4FA7-AF98-8979F9295874}.Debug|Any CPU.ActiveCfg = Debug|Any CPU
		{19B64F2F-480B-4FA7-AF98-8979F9295874}.Debug|Any CPU.Build.0 = Debug|Any CPU
		{19B64F2F-480B-4FA7-AF98-8979F9295874}.Release|Any CPU.ActiveCfg = Release|Any CPU
		{19B64F2F-480B-4FA7-AF98-8979F9295874}.Release|Any CPU.Build.0 = Release|Any CPU
		{7DEDBBE8-9875-498F-9170-A756C726E9CB}.Debug|Any CPU.ActiveCfg = Debug|Any CPU
		{7DEDBBE8-9875-498F-9170-A756C726E9CB}.Debug|Any CPU.Build.0 = Debug|Any CPU
		{7DEDBBE8-9875-498F-9170-A756C726E9CB}.Release|Any CPU.ActiveCfg = Release|Any CPU
		{7DEDBBE8-9875-498F-9170-A756C726E9CB}.Release|Any CPU.Build.0 = Release|Any CPU
		{DF124833-A45E-469D-ABFD-AD348E312D38}.Debug|Any CPU.ActiveCfg = Debug|Any CPU
		{DF124833-A45E-469D-ABFD-AD348E312D38}.Debug|Any CPU.Build.0 = Debug|Any CPU
		{DF124833-A45E-469D-ABFD-AD348E312D38}.Release|Any CPU.ActiveCfg = Release|Any CPU
		{DF124833-A45E-469D-ABFD-AD348E312D38}.Release|Any CPU.Build.0 = Release|Any CPU
		{FA1FA537-B5F4-41A8-87F1-82DB3A56F2EC}.Debug|Any CPU.ActiveCfg = Debug|Any CPU
		{FA1FA537-B5F4-41A8-87F1-82DB3A56F2EC}.Debug|Any CPU.Build.0 = Debug|Any CPU
		{FA1FA537-B5F4-41A8-87F1-82DB3A56F2EC}.Release|Any CPU.ActiveCfg = Release|Any CPU
		{FA1FA537-B5F4-41A8-87F1-82DB3A56F2EC}.Release|Any CPU.Build.0 = Release|Any CPU
		{E63FC5DD-DBE4-42D9-B22B-7A831464A7A4}.Debug|Any CPU.ActiveCfg = Debug|Any CPU
		{E63FC5DD-DBE4-42D9-B22B-7A831464A7A4}.Debug|Any CPU.Build.0 = Debug|Any CPU
		{E63FC5DD-DBE4-42D9-B22B-7A831464A7A4}.Release|Any CPU.ActiveCfg = Release|Any CPU
		{E63FC5DD-DBE4-42D9-B22B-7A831464A7A4}.Release|Any CPU.Build.0 = Release|Any CPU
		{EBE239CB-6869-4A23-B3DA-9AACF17A31C8}.Debug|Any CPU.ActiveCfg = Debug|Any CPU
		{EBE239CB-6869-4A23-B3DA-9AACF17A31C8}.Debug|Any CPU.Build.0 = Debug|Any CPU
		{EBE239CB-6869-4A23-B3DA-9AACF17A31C8}.Release|Any CPU.ActiveCfg = Release|Any CPU
		{EBE239CB-6869-4A23-B3DA-9AACF17A31C8}.Release|Any CPU.Build.0 = Release|Any CPU
		{8E4FAFC2-776E-421C-BA46-B3B45160D848}.Debug|Any CPU.ActiveCfg = Debug|Any CPU
		{8E4FAFC2-776E-421C-BA46-B3B45160D848}.Debug|Any CPU.Build.0 = Debug|Any CPU
		{8E4FAFC2-776E-421C-BA46-B3B45160D848}.Release|Any CPU.ActiveCfg = Release|Any CPU
		{8E4FAFC2-776E-421C-BA46-B3B45160D848}.Release|Any CPU.Build.0 = Release|Any CPU
		{F31B2FBE-CB93-4447-BDFE-B9E49214ECF5}.Debug|Any CPU.ActiveCfg = Debug|Any CPU
		{F31B2FBE-CB93-4447-BDFE-B9E49214ECF5}.Debug|Any CPU.Build.0 = Debug|Any CPU
		{F31B2FBE-CB93-4447-BDFE-B9E49214ECF5}.Release|Any CPU.ActiveCfg = Release|Any CPU
		{F31B2FBE-CB93-4447-BDFE-B9E49214ECF5}.Release|Any CPU.Build.0 = Release|Any CPU
		{C5CBF911-DEB1-4305-92B4-0BA67BB098AA}.Debug|Any CPU.ActiveCfg = Debug|Any CPU
		{C5CBF911-DEB1-4305-92B4-0BA67BB098AA}.Debug|Any CPU.Build.0 = Debug|Any CPU
		{C5CBF911-DEB1-4305-92B4-0BA67BB098AA}.Release|Any CPU.ActiveCfg = Release|Any CPU
		{C5CBF911-DEB1-4305-92B4-0BA67BB098AA}.Release|Any CPU.Build.0 = Release|Any CPU
		{28047474-4175-4B37-93CB-68C4EB8987BA}.Debug|Any CPU.ActiveCfg = Debug
		{28047474-4175-4B37-93CB-68C4EB8987BA}.Release|Any CPU.ActiveCfg = Release
	EndGlobalSection
	GlobalSection(SolutionProperties) = preSolution
		HideSolutionNode = FALSE
	EndGlobalSection
	GlobalSection(NestedProjects) = preSolution
		{19B64F2F-480B-4FA7-AF98-8979F9295874} = {C1C448ED-AF9C-40B2-90DC-4406A1488AAC}
		{7DEDBBE8-9875-498F-9170-A756C726E9CB} = {B4C20B81-2EC9-4C37-A255-808F85DC4330}
		{DF124833-A45E-469D-ABFD-AD348E312D38} = {1EFAD6E8-2AED-4DB5-BD9D-41FCBF0D4C65}
		{FA1FA537-B5F4-41A8-87F1-82DB3A56F2EC} = {1EFAD6E8-2AED-4DB5-BD9D-41FCBF0D4C65}
		{E63FC5DD-DBE4-42D9-B22B-7A831464A7A4} = {651833A9-3BA8-4584-AA8B-8C3883C4941E}
		{EBE239CB-6869-4A23-B3DA-9AACF17A31C8} = {47829AFC-3D4B-46C5-B19B-4BFCA2FA964E}
		{8E4FAFC2-776E-421C-BA46-B3B45160D848} = {B8B02220-4D98-4D67-82D1-8C526B02BDF0}
		{F31B2FBE-CB93-4447-BDFE-B9E49214ECF5} = {47829AFC-3D4B-46C5-B19B-4BFCA2FA964E}
		{C5CBF911-DEB1-4305-92B4-0BA67BB098AA} = {47829AFC-3D4B-46C5-B19B-4BFCA2FA964E}
	EndGlobalSection
	GlobalSection(ExtensibilityGlobals) = postSolution
		SolutionGuid = {E00C4797-044A-49C2-B8D4-1F002D0352A2}
	EndGlobalSection
EndGlobal
